Microsoft Visual Studio Solution File, Format Version 12.00
# Visual Studio Version 16
VisualStudioVersion = 16.0.0.0
MinimumVisualStudioVersion = 16.0.0.0
Project("{9A19103F-16F7-4668-BE54-9A1E7A4F7556}") = "SaqibMahmoodChat.Server", "Server\SaqibMahmoodChat.Server.csproj", "{9BBA7EB3-930B-4DED-9114-F834FD8B90E6}"
EndProject
Project("{9A19103F-16F7-4668-BE54-9A1E7A4F7556}") = "SaqibMahmoodChat.Client", "Client\SaqibMahmoodChat.Client.csproj", "{D0DBD274-2604-4FBB-95B6-6A42263ED292}"
EndProject
Project("{9A19103F-16F7-4668-BE54-9A1E7A4F7556}") = "SaqibMahmoodChat.Shared", "Shared\SaqibMahmoodChat.Shared.csproj", "{E1EEA379-125D-4A5E-BC65-AAB563D6AD5C}"
EndProject
Global
	GlobalSection(SolutionConfigurationPlatforms) = preSolution
		Debug|Any CPU = Debug|Any CPU
		Debug|x64 = Debug|x64
		Debug|x86 = Debug|x86
		Release|Any CPU = Release|Any CPU
		Release|x64 = Release|x64
		Release|x86 = Release|x86
	EndGlobalSection
	GlobalSection(ProjectConfigurationPlatforms) = postSolution
		{D0DBD274-2604-4FBB-95B6-6A42263ED292}.Debug|Any CPU.ActiveCfg = Debug|Any CPU
		{D0DBD274-2604-4FBB-95B6-6A42263ED292}.Debug|Any CPU.Build.0 = Debug|Any CPU
		{D0DBD274-2604-4FBB-95B6-6A42263ED292}.Debug|x64.ActiveCfg = Debug|Any CPU
		{D0DBD274-2604-4FBB-95B6-6A42263ED292}.Debug|x64.Build.0 = Debug|Any CPU
		{D0DBD274-2604-4FBB-95B6-6A42263ED292}.Debug|x86.ActiveCfg = Debug|Any CPU
		{D0DBD274-2604-4FBB-95B6-6A42263ED292}.Debug|x86.Build.0 = Debug|Any CPU
		{D0DBD274-2604-4FBB-95B6-6A42263ED292}.Release|Any CPU.ActiveCfg = Release|Any CPU
		{D0DBD274-2604-4FBB-95B6-6A42263ED292}.Release|Any CPU.Build.0 = Release|Any CPU
		{D0DBD274-2604-4FBB-95B6-6A42263ED292}.Release|x64.ActiveCfg = Release|Any CPU
		{D0DBD274-2604-4FBB-95B6-6A42263ED292}.Release|x64.Build.0 = Release|Any CPU
		{D0DBD274-2604-4FBB-95B6-6A42263ED292}.Release|x86.ActiveCfg = Release|Any CPU
		{D0DBD274-2604-4FBB-95B6-6A42263ED292}.Release|x86.Build.0 = Release|Any CPU
		{9BBA7EB3-930B-4DED-9114-F834FD8B90E6}.Debug|Any CPU.ActiveCfg = Debug|Any CPU
		{9BBA7EB3-930B-4DED-9114-F834FD8B90E6}.Debug|Any CPU.Build.0 = Debug|Any CPU
		{9BBA7EB3-930B-4DED-9114-F834FD8B90E6}.Debug|x64.ActiveCfg = Debug|Any CPU
		{9BBA7EB3-930B-4DED-9114-F834FD8B90E6}.Debug|x64.Build.0 = Debug|Any CPU
		{9BBA7EB3-930B-4DED-9114-F834FD8B90E6}.Debug|x86.ActiveCfg = Debug|Any CPU
		{9BBA7EB3-930B-4DED-9114-F834FD8B90E6}.Debug|x86.Build.0 = Debug|Any CPU
		{9BBA7EB3-930B-4DED-9114-F834FD8B90E6}.Release|Any CPU.ActiveCfg = Release|Any CPU
		{9BBA7EB3-930B-4DED-9114-F834FD8B90E6}.Release|Any CPU.Build.0 = Release|Any CPU
		{9BBA7EB3-930B-4DED-9114-F834FD8B90E6}.Release|x64.ActiveCfg = Release|Any CPU
		{9BBA7EB3-930B-4DED-9114-F834FD8B90E6}.Release|x64.Build.0 = Release|Any CPU
		{9BBA7EB3-930B-4DED-9114-F834FD8B90E6}.Release|x86.ActiveCfg = Release|Any CPU
		{9BBA7EB3-930B-4DED-9114-F834FD8B90E6}.Release|x86.Build.0 = Release|Any CPU
		{E1EEA379-125D-4A5E-BC65-AAB563D6AD5C}.Debug|Any CPU.ActiveCfg = Debug|Any CPU
		{E1EEA379-125D-4A5E-BC65-AAB563D6AD5C}.Debug|Any CPU.Build.0 = Debug|Any CPU
		{E1EEA379-125D-4A5E-BC65-AAB563D6AD5C}.Debug|x64.ActiveCfg = Debug|Any CPU
		{E1EEA379-125D-4A5E-BC65-AAB563D6AD5C}.Debug|x64.Build.0 = Debug|Any CPU
		{E1EEA379-125D-4A5E-BC65-AAB563D6AD5C}.Debug|x86.ActiveCfg = Debug|Any CPU
		{E1EEA379-125D-4A5E-BC65-AAB563D6AD5C}.Debug|x86.Build.0 = Debug|Any CPU
		{E1EEA379-125D-4A5E-BC65-AAB563D6AD5C}.Release|Any CPU.ActiveCfg = Release|Any CPU
		{E1EEA379-125D-4A5E-BC65-AAB563D6AD5C}.Release|Any CPU.Build.0 = Release|Any CPU
		{E1EEA379-125D-4A5E-BC65-AAB563D6AD5C}.Release|x64.ActiveCfg = Release|Any CPU
		{E1EEA379-125D-4A5E-BC65-AAB563D6AD5C}.Release|x64.Build.0 = Release|Any CPU
		{E1EEA379-125D-4A5E-BC65-AAB563D6AD5C}.Release|x86.ActiveCfg = Release|Any CPU
		{E1EEA379-125D-4A5E-BC65-AAB563D6AD5C}.Release|x86.Build.0 = Release|Any CPU
	EndGlobalSection
	GlobalSection(SolutionProperties) = preSolution
		HideSolutionNode = FALSE
	EndGlobalSection
	GlobalSection(ExtensibilityGlobals) = postSolution
		SolutionGuid = {A1C09BC5-E8F6-45BA-9363-78EE2E73028A}
	EndGlobalSection
EndGlobal